
Microsoft Visual Studio Solution File, Format Version 12.00
# Visual Studio Version 17
VisualStudioVersion = 17.2.32616.157
MinimumVisualStudioVersion = 10.0.40219.1
Project("{FAE04EC0-301F-11D3-BF4B-00C04F79EFBC}") = "laba10", "laba10\laba10.csproj", "{1D357924-E372-47D6-A814-331160509C0E}"
EndProject
Global
	GlobalSection(SolutionConfigurationPlatforms) = preSolution
		Debug|Any CPU = Debug|Any CPU
		Release|Any CPU = Release|Any CPU
	EndGlobalSection
	GlobalSection(ProjectConfigurationPlatforms) = postSolution
		{1D357924-E372-47D6-A814-331160509C0E}.Debug|Any CPU.ActiveCfg = Debug|Any CPU
		{1D357924-E372-47D6-A814-331160509C0E}.Debug|Any CPU.Build.0 = Debug|Any CPU
		{1D357924-E372-47D6-A814-331160509C0E}.Release|Any CPU.ActiveCfg = Release|Any CPU
		{1D357924-E372-47D6-A814-331160509C0E}.Release|Any CPU.Build.0 = Release|Any CPU
	EndGlobalSection
	GlobalSection(SolutionProperties) = preSolution
		HideSolutionNode = FALSE
	EndGlobalSection
	GlobalSection(ExtensibilityGlobals) = postSolution
		SolutionGuid = {2B4F7291-C575-4256-9B71-60EED202F204}
	EndGlobalSection
EndGlobal
