
Microsoft Visual Studio Solution File, Format Version 12.00
# Visual Studio Version 16
VisualStudioVersion = 16.0.31624.102
MinimumVisualStudioVersion = 10.0.40219.1
Project("{FAE04EC0-301F-11D3-BF4B-00C04F79EFBC}") = "laba7", "laba7\laba7.csproj", "{FFEBF130-D35A-4F0F-A611-DD6910DFCA4B}"
EndProject
Global
	GlobalSection(SolutionConfigurationPlatforms) = preSolution
		Debug|Any CPU = Debug|Any CPU
		Release|Any CPU = Release|Any CPU
	EndGlobalSection
	GlobalSection(ProjectConfigurationPlatforms) = postSolution
		{FFEBF130-D35A-4F0F-A611-DD6910DFCA4B}.Debug|Any CPU.ActiveCfg = Debug|Any CPU
		{FFEBF130-D35A-4F0F-A611-DD6910DFCA4B}.Debug|Any CPU.Build.0 = Debug|Any CPU
		{FFEBF130-D35A-4F0F-A611-DD6910DFCA4B}.Release|Any CPU.ActiveCfg = Release|Any CPU
		{FFEBF130-D35A-4F0F-A611-DD6910DFCA4B}.Release|Any CPU.Build.0 = Release|Any CPU
	EndGlobalSection
	GlobalSection(SolutionProperties) = preSolution
		HideSolutionNode = FALSE
	EndGlobalSection
	GlobalSection(ExtensibilityGlobals) = postSolution
		SolutionGuid = {4B1A3296-C647-45F5-8C5B-ACA26B9D5ED5}
	EndGlobalSection
EndGlobal
