
Microsoft Visual Studio Solution File, Format Version 12.00
# Visual Studio Version 17
VisualStudioVersion = 17.2.32616.157
MinimumVisualStudioVersion = 10.0.40219.1
Project("{FAE04EC0-301F-11D3-BF4B-00C04F79EFBC}") = "laba14", "laba14\laba14.csproj", "{7CF62EF2-EFC7-4D62-9AE7-047EA8B079DD}"
EndProject
Global
	GlobalSection(SolutionConfigurationPlatforms) = preSolution
		Debug|Any CPU = Debug|Any CPU
		Release|Any CPU = Release|Any CPU
	EndGlobalSection
	GlobalSection(ProjectConfigurationPlatforms) = postSolution
		{7CF62EF2-EFC7-4D62-9AE7-047EA8B079DD}.Debug|Any CPU.ActiveCfg = Debug|Any CPU
		{7CF62EF2-EFC7-4D62-9AE7-047EA8B079DD}.Debug|Any CPU.Build.0 = Debug|Any CPU
		{7CF62EF2-EFC7-4D62-9AE7-047EA8B079DD}.Release|Any CPU.ActiveCfg = Release|Any CPU
		{7CF62EF2-EFC7-4D62-9AE7-047EA8B079DD}.Release|Any CPU.Build.0 = Release|Any CPU
	EndGlobalSection
	GlobalSection(SolutionProperties) = preSolution
		HideSolutionNode = FALSE
	EndGlobalSection
	GlobalSection(ExtensibilityGlobals) = postSolution
		SolutionGuid = {F45BA709-0092-4A91-B54D-2A1C3A453202}
	EndGlobalSection
EndGlobal
