
Microsoft Visual Studio Solution File, Format Version 12.00
# Visual Studio Version 16
VisualStudioVersion = 16.0.31624.102
MinimumVisualStudioVersion = 10.0.40219.1
Project("{8BC9CEB8-8B4A-11D0-8D11-00A0C91BC942}") = "laba9", "laba9\laba9.vcxproj", "{8B99DD67-B3A8-4F5D-84F0-1E264EC1F52C}"
EndProject
Global
	GlobalSection(SolutionConfigurationPlatforms) = preSolution
		Debug|x64 = Debug|x64
		Debug|x86 = Debug|x86
		Release|x64 = Release|x64
		Release|x86 = Release|x86
	EndGlobalSection
	GlobalSection(ProjectConfigurationPlatforms) = postSolution
		{8B99DD67-B3A8-4F5D-84F0-1E264EC1F52C}.Debug|x64.ActiveCfg = Debug|x64
		{8B99DD67-B3A8-4F5D-84F0-1E264EC1F52C}.Debug|x64.Build.0 = Debug|x64
		{8B99DD67-B3A8-4F5D-84F0-1E264EC1F52C}.Debug|x86.ActiveCfg = Debug|Win32
		{8B99DD67-B3A8-4F5D-84F0-1E264EC1F52C}.Debug|x86.Build.0 = Debug|Win32
		{8B99DD67-B3A8-4F5D-84F0-1E264EC1F52C}.Release|x64.ActiveCfg = Release|x64
		{8B99DD67-B3A8-4F5D-84F0-1E264EC1F52C}.Release|x64.Build.0 = Release|x64
		{8B99DD67-B3A8-4F5D-84F0-1E264EC1F52C}.Release|x86.ActiveCfg = Release|Win32
		{8B99DD67-B3A8-4F5D-84F0-1E264EC1F52C}.Release|x86.Build.0 = Release|Win32
	EndGlobalSection
	GlobalSection(SolutionProperties) = preSolution
		HideSolutionNode = FALSE
	EndGlobalSection
	GlobalSection(ExtensibilityGlobals) = postSolution
		SolutionGuid = {63D397B8-A641-43F4-9557-2FCEE319B475}
	EndGlobalSection
EndGlobal
