
Microsoft Visual Studio Solution File, Format Version 12.00
# Visual Studio Version 17
VisualStudioVersion = 17.2.32616.157
MinimumVisualStudioVersion = 10.0.40219.1
Project("{FAE04EC0-301F-11D3-BF4B-00C04F79EFBC}") = "laba6", "laba6\laba6.csproj", "{96707FF3-D2A9-4434-AE13-FA88C36AAC8E}"
EndProject
Global
	GlobalSection(SolutionConfigurationPlatforms) = preSolution
		Debug|Any CPU = Debug|Any CPU
		Release|Any CPU = Release|Any CPU
	EndGlobalSection
	GlobalSection(ProjectConfigurationPlatforms) = postSolution
		{96707FF3-D2A9-4434-AE13-FA88C36AAC8E}.Debug|Any CPU.ActiveCfg = Debug|Any CPU
		{96707FF3-D2A9-4434-AE13-FA88C36AAC8E}.Debug|Any CPU.Build.0 = Debug|Any CPU
		{96707FF3-D2A9-4434-AE13-FA88C36AAC8E}.Release|Any CPU.ActiveCfg = Release|Any CPU
		{96707FF3-D2A9-4434-AE13-FA88C36AAC8E}.Release|Any CPU.Build.0 = Release|Any CPU
	EndGlobalSection
	GlobalSection(SolutionProperties) = preSolution
		HideSolutionNode = FALSE
	EndGlobalSection
	GlobalSection(ExtensibilityGlobals) = postSolution
		SolutionGuid = {0BE78715-F042-4F96-835A-11AAAA2E7262}
	EndGlobalSection
EndGlobal
